
Microsoft Visual Studio Solution File, Format Version 12.00
# Visual Studio Version 17
VisualStudioVersion = 17.7.34018.315
MinimumVisualStudioVersion = 10.0.40219.1
Project("{FAE04EC0-301F-11D3-BF4B-00C04F79EFBC}") = "MVCExample1", "MVCExample1\MVCExample1.csproj", "{3AC6C94D-8AD9-4FD4-A9FA-F24DD61FB155}"
EndProject
Global
	GlobalSection(SolutionConfigurationPlatforms) = preSolution
		Debug|Any CPU = Debug|Any CPU
		Release|Any CPU = Release|Any CPU
	EndGlobalSection
	GlobalSection(ProjectConfigurationPlatforms) = postSolution
		{3AC6C94D-8AD9-4FD4-A9FA-F24DD61FB155}.Debug|Any CPU.ActiveCfg = Debug|Any CPU
		{3AC6C94D-8AD9-4FD4-A9FA-F24DD61FB155}.Debug|Any CPU.Build.0 = Debug|Any CPU
		{3AC6C94D-8AD9-4FD4-A9FA-F24DD61FB155}.Release|Any CPU.ActiveCfg = Release|Any CPU
		{3AC6C94D-8AD9-4FD4-A9FA-F24DD61FB155}.Release|Any CPU.Build.0 = Release|Any CPU
	EndGlobalSection
	GlobalSection(SolutionProperties) = preSolution
		HideSolutionNode = FALSE
	EndGlobalSection
	GlobalSection(ExtensibilityGlobals) = postSolution
		SolutionGuid = {F0FAB909-983E-465A-86D0-586E23A62CD8}
	EndGlobalSection
EndGlobal
